
Microsoft Visual Studio Solution File, Format Version 12.00
# Visual Studio Version 17
VisualStudioVersion = 17.3.32922.545
MinimumVisualStudioVersion = 10.0.40219.1
Project("{8BC9CEB8-8B4A-11D0-8D11-00A0C91BC942}") = "AP_Lab12.9", "AP_Lab12.9\AP_Lab12.9.vcxproj", "{F4B06A4B-DA26-47EE-B528-A913A6B5A78D}"
EndProject
Project("{8BC9CEB8-8B4A-11D0-8D11-00A0C91BC942}") = "UnitTest1", "UnitTest1\UnitTest1.vcxproj", "{31574FD3-C15E-4AE6-8CF0-94199904201F}"
EndProject
Global
	GlobalSection(SolutionConfigurationPlatforms) = preSolution
		Debug|x64 = Debug|x64
		Debug|x86 = Debug|x86
		Release|x64 = Release|x64
		Release|x86 = Release|x86
	EndGlobalSection
	GlobalSection(ProjectConfigurationPlatforms) = postSolution
		{F4B06A4B-DA26-47EE-B528-A913A6B5A78D}.Debug|x64.ActiveCfg = Debug|x64
		{F4B06A4B-DA26-47EE-B528-A913A6B5A78D}.Debug|x64.Build.0 = Debug|x64
		{F4B06A4B-DA26-47EE-B528-A913A6B5A78D}.Debug|x86.ActiveCfg = Debug|Win32
		{F4B06A4B-DA26-47EE-B528-A913A6B5A78D}.Debug|x86.Build.0 = Debug|Win32
		{F4B06A4B-DA26-47EE-B528-A913A6B5A78D}.Release|x64.ActiveCfg = Release|x64
		{F4B06A4B-DA26-47EE-B528-A913A6B5A78D}.Release|x64.Build.0 = Release|x64
		{F4B06A4B-DA26-47EE-B528-A913A6B5A78D}.Release|x86.ActiveCfg = Release|Win32
		{F4B06A4B-DA26-47EE-B528-A913A6B5A78D}.Release|x86.Build.0 = Release|Win32
		{31574FD3-C15E-4AE6-8CF0-94199904201F}.Debug|x64.ActiveCfg = Debug|x64
		{31574FD3-C15E-4AE6-8CF0-94199904201F}.Debug|x64.Build.0 = Debug|x64
		{31574FD3-C15E-4AE6-8CF0-94199904201F}.Debug|x86.ActiveCfg = Debug|Win32
		{31574FD3-C15E-4AE6-8CF0-94199904201F}.Debug|x86.Build.0 = Debug|Win32
		{31574FD3-C15E-4AE6-8CF0-94199904201F}.Release|x64.ActiveCfg = Release|x64
		{31574FD3-C15E-4AE6-8CF0-94199904201F}.Release|x64.Build.0 = Release|x64
		{31574FD3-C15E-4AE6-8CF0-94199904201F}.Release|x86.ActiveCfg = Release|Win32
		{31574FD3-C15E-4AE6-8CF0-94199904201F}.Release|x86.Build.0 = Release|Win32
	EndGlobalSection
	GlobalSection(SolutionProperties) = preSolution
		HideSolutionNode = FALSE
	EndGlobalSection
	GlobalSection(ExtensibilityGlobals) = postSolution
		SolutionGuid = {C8757C7A-A008-4493-8E2A-EA0EDDD345C9}
	EndGlobalSection
EndGlobal
